// !$*UTF8*$!
{
	archiveVersion = 1;
	classes = {
	};
	objectVersion = 46;
	objects = {

/* Begin PBXBuildFile section */
		6DDEEFD5199707530072620F /* AppDelegate.swift in Sources */ = {isa = PBXBuildFile; fileRef = 6DDEEFD4199707530072620F /* AppDelegate.swift */; };
		6DDEEFD7199707530072620F /* ViewController.swift in Sources */ = {isa = PBXBuildFile; fileRef = 6DDEEFD6199707530072620F /* ViewController.swift */; };
		6DDEEFDA199707530072620F /* Main.storyboard in Resources */ = {isa = PBXBuildFile; fileRef = 6DDEEFD8199707530072620F /* Main.storyboard */; };
		6DDEEFDC199707530072620F /* Images.xcassets in Resources */ = {isa = PBXBuildFile; fileRef = 6DDEEFDB199707530072620F /* Images.xcassets */; };
		6DDEEFE8199707540072620F /* HoldemHandTests.swift in Sources */ = {isa = PBXBuildFile; fileRef = 6DDEEFE7199707540072620F /* HoldemHandTests.swift */; };
/* End PBXBuildFile section */

/* Begin PBXContainerItemProxy section */
		6DDEEFE2199707540072620F /* PBXContainerItemProxy */ = {
			isa = PBXContainerItemProxy;
			containerPortal = 6DDEEFC7199707530072620F /* Project object */;
			proxyType = 1;
			remoteGlobalIDString = 6DDEEFCE199707530072620F;
			remoteInfo = HoldemHand;
		};
/* End PBXContainerItemProxy section */

/* Begin PBXFileReference section */
		6DDEEFCF199707530072620F /* HoldemHand.app */ = {isa = PBXFileReference; explicitFileType = wrapper.application; includeInIndex = 0; path = HoldemHand.app; sourceTree = BUILT_PRODUCTS_DIR; };
		6DDEEFD3199707530072620F /* Info.plist */ = {isa = PBXFileReference; lastKnownFileType = text.plist.xml; path = Info.plist; sourceTree = "<group>"; };
		6DDEEFD4199707530072620F /* AppDelegate.swift */ = {isa = PBXFileReference; lastKnownFileType = sourcecode.swift; path = AppDelegate.swift; sourceTree = "<group>"; };
		6DDEEFD6199707530072620F /* ViewController.swift */ = {isa = PBXFileReference; lastKnownFileType = sourcecode.swift; path = ViewController.swift; sourceTree = "<group>"; };
		6DDEEFD9199707530072620F /* Base */ = {isa = PBXFileReference; lastKnownFileType = file.storyboard; name = Base; path = Base.lproj/Main.storyboard; sourceTree = "<group>"; };
		6DDEEFDB199707530072620F /* Images.xcassets */ = {isa = PBXFileReference; lastKnownFileType = folder.assetcatalog; path = Images.xcassets; sourceTree = "<group>"; };
		6DDEEFE1199707530072620F /* HoldemHandTests.xctest */ = {isa = PBXFileReference; explicitFileType = wrapper.cfbundle; includeInIndex = 0; path = HoldemHandTests.xctest; sourceTree = BUILT_PRODUCTS_DIR; };
		6DDEEFE6199707540072620F /* Info.plist */ = {isa = PBXFileReference; lastKnownFileType = text.plist.xml; path = Info.plist; sourceTree = "<group>"; };
		6DDEEFE7199707540072620F /* HoldemHandTests.swift */ = {isa = PBXFileReference; lastKnownFileType = sourcecode.swift; path = HoldemHandTests.swift; sourceTree = "<group>"; };
/* End PBXFileReference section */

/* Begin PBXFrameworksBuildPhase section */
		6DDEEFCC199707530072620F /* Frameworks */ = {
			isa = PBXFrameworksBuildPhase;
			buildActionMask = 2147483647;
			files = (
			);
			runOnlyForDeploymentPostprocessing = 0;
		};
		6DDEEFDE199707530072620F /* Frameworks */ = {
			isa = PBXFrameworksBuildPhase;
			buildActionMask = 2147483647;
			files = (
			);
			runOnlyForDeploymentPostprocessing = 0;
		};
/* End PBXFrameworksBuildPhase section */

/* Begin PBXGroup section */
		6DDEEFC6199707530072620F = {
			isa = PBXGroup;
			children = (
				6DDEEFD1199707530072620F /* HoldemHand */,
				6DDEEFE4199707540072620F /* HoldemHandTests */,
				6DDEEFD0199707530072620F /* Products */,
			);
			sourceTree = "<group>";
		};
		6DDEEFD0199707530072620F /* Products */ = {
			isa = PBXGroup;
			children = (
				6DDEEFCF199707530072620F /* HoldemHand.app */,
				6DDEEFE1199707530072620F /* HoldemHandTests.xctest */,
			);
			name = Products;
			sourceTree = "<group>";
		};
		6DDEEFD1199707530072620F /* HoldemHand */ = {
			isa = PBXGroup;
			children = (
				6DDEEFD4199707530072620F /* AppDelegate.swift */,
				6DDEEFD6199707530072620F /* ViewController.swift */,
				6DDEEFD8199707530072620F /* Main.storyboard */,
				6DDEEFDB199707530072620F /* Images.xcassets */,
				6DDEEFD2199707530072620F /* Supporting Files */,
			);
			path = HoldemHand;
			sourceTree = "<group>";
		};
		6DDEEFD2199707530072620F /* Supporting Files */ = {
			isa = PBXGroup;
			children = (
				6DDEEFD3199707530072620F /* Info.plist */,
			);
			name = "Supporting Files";
			sourceTree = "<group>";
		};
		6DDEEFE4199707540072620F /* HoldemHandTests */ = {
			isa = PBXGroup;
			children = (
				6DDEEFE7199707540072620F /* HoldemHandTests.swift */,
				6DDEEFE5199707540072620F /* Supporting Files */,
			);
			path = HoldemHandTests;
			sourceTree = "<group>";
		};
		6DDEEFE5199707540072620F /* Supporting Files */ = {
			isa = PBXGroup;
			children = (
				6DDEEFE6199707540072620F /* Info.plist */,
			);
			name = "Supporting Files";
			sourceTree = "<group>";
		};
/* End PBXGroup section */

/* Begin PBXNativeTarget section */
		6DDEEFCE199707530072620F /* HoldemHand */ = {
			isa = PBXNativeTarget;
			buildConfigurationList = 6DDEEFEB199707540072620F /* Build configuration list for PBXNativeTarget "HoldemHand" */;
			buildPhases = (
				6DDEEFCB199707530072620F /* Sources */,
				6DDEEFCC199707530072620F /* Frameworks */,
				6DDEEFCD199707530072620F /* Resources */,
			);
			buildRules = (
			);
			dependencies = (
			);
			name = HoldemHand;
			productName = HoldemHand;
			productReference = 6DDEEFCF199707530072620F /* HoldemHand.app */;
			productType = "com.apple.product-type.application";
		};
		6DDEEFE0199707530072620F /* HoldemHandTests */ = {
			isa = PBXNativeTarget;
			buildConfigurationList = 6DDEEFEE199707540072620F /* Build configuration list for PBXNativeTarget "HoldemHandTests" */;
			buildPhases = (
				6DDEEFDD199707530072620F /* Sources */,
				6DDEEFDE199707530072620F /* Frameworks */,
				6DDEEFDF199707530072620F /* Resources */,
			);
			buildRules = (
			);
			dependencies = (
				6DDEEFE3199707540072620F /* PBXTargetDependency */,
			);
			name = HoldemHandTests;
			productName = HoldemHandTests;
			productReference = 6DDEEFE1199707530072620F /* HoldemHandTests.xctest */;
			productType = "com.apple.product-type.bundle.unit-test";
		};
/* End PBXNativeTarget section */

/* Begin PBXProject section */
		6DDEEFC7199707530072620F /* Project object */ = {
			isa = PBXProject;
			attributes = {
				LastUpgradeCheck = 0600;
				ORGANIZATIONNAME = "Dan Hoang";
				TargetAttributes = {
					6DDEEFCE199707530072620F = {
						CreatedOnToolsVersion = 6.0;
					};
					6DDEEFE0199707530072620F = {
						CreatedOnToolsVersion = 6.0;
						TestTargetID = 6DDEEFCE199707530072620F;
					};
				};
			};
			buildConfigurationList = 6DDEEFCA199707530072620F /* Build configuration list for PBXProject "HoldemHand" */;
			compatibilityVersion = "Xcode 3.2";
			developmentRegion = English;
			hasScannedForEncodings = 0;
			knownRegions = (
				en,
				Base,
			);
			mainGroup = 6DDEEFC6199707530072620F;
			productRefGroup = 6DDEEFD0199707530072620F /* Products */;
			projectDirPath = "";
			projectRoot = "";
			targets = (
				6DDEEFCE199707530072620F /* HoldemHand */,
				6DDEEFE0199707530072620F /* HoldemHandTests */,
			);
		};
/* End PBXProject section */

/* Begin PBXResourcesBuildPhase section */
		6DDEEFCD199707530072620F /* Resources */ = {
			isa = PBXResourcesBuildPhase;
			buildActionMask = 2147483647;
			files = (
				6DDEEFDA199707530072620F /* Main.storyboard in Resources */,
				6DDEEFDC199707530072620F /* Images.xcassets in Resources */,
			);
			runOnlyForDeploymentPostprocessing = 0;
		};
		6DDEEFDF199707530072620F /* Resources */ = {
			isa = PBXResourcesBuildPhase;
			buildActionMask = 2147483647;
			files = (
			);
			runOnlyForDeploymentPostprocessing = 0;
		};
/* End PBXResourcesBuildPhase section */

/* Begin PBXSourcesBuildPhase section */
		6DDEEFCB199707530072620F /* Sources */ = {
			isa = PBXSourcesBuildPhase;
			buildActionMask = 2147483647;
			files = (
				6DDEEFD7199707530072620F /* ViewController.swift in Sources */,
				6DDEEFD5199707530072620F /* AppDelegate.swift in Sources */,
			);
			runOnlyForDeploymentPostprocessing = 0;
		};
		6DDEEFDD199707530072620F /* Sources */ = {
			isa = PBXSourcesBuildPhase;
			buildActionMask = 2147483647;
			files = (
				6DDEEFE8199707540072620F /* HoldemHandTests.swift in Sources */,
			);
			runOnlyForDeploymentPostprocessing = 0;
		};
/* End PBXSourcesBuildPhase section */

/* Begin PBXTargetDependency section */
		6DDEEFE3199707540072620F /* PBXTargetDependency */ = {
			isa = PBXTargetDependency;
			target = 6DDEEFCE199707530072620F /* HoldemHand */;
			targetProxy = 6DDEEFE2199707540072620F /* PBXContainerItemProxy */;
		};
/* End PBXTargetDependency section */

/* Begin PBXVariantGroup section */
		6DDEEFD8199707530072620F /* Main.storyboard */ = {
			isa = PBXVariantGroup;
			children = (
				6DDEEFD9199707530072620F /* Base */,
			);
			name = Main.storyboard;
			sourceTree = "<group>";
		};
/* End PBXVariantGroup section */

/* Begin XCBuildConfiguration section */
		6DDEEFE9199707540072620F /* Debug */ = {
			isa = XCBuildConfiguration;
			buildSettings = {
				ALWAYS_SEARCH_USER_PATHS = NO;
				CLANG_CXX_LANGUAGE_STANDARD = "gnu++0x";
				CLANG_CXX_LIBRARY = "libc++";
				CLANG_ENABLE_MODULES = YES;
				CLANG_ENABLE_OBJC_ARC = YES;
				CLANG_WARN_BOOL_CONVERSION = YES;
				CLANG_WARN_CONSTANT_CONVERSION = YES;
				CLANG_WARN_DIRECT_OBJC_ISA_USAGE = YES_ERROR;
				CLANG_WARN_EMPTY_BODY = YES;
				CLANG_WARN_ENUM_CONVERSION = YES;
				CLANG_WARN_INT_CONVERSION = YES;
				CLANG_WARN_OBJC_ROOT_CLASS = YES_ERROR;
				CLANG_WARN_UNREACHABLE_CODE = YES;
				CLANG_WARN__DUPLICATE_METHOD_MATCH = YES;
				"CODE_SIGN_IDENTITY[sdk=iphoneos*]" = "iPhone Developer";
				COPY_PHASE_STRIP = NO;
				ENABLE_STRICT_OBJC_MSGSEND = YES;
				GCC_C_LANGUAGE_STANDARD = gnu99;
				GCC_DYNAMIC_NO_PIC = NO;
				GCC_OPTIMIZATION_LEVEL = 0;
				GCC_PREPROCESSOR_DEFINITIONS = (
					"DEBUG=1",
					"$(inherited)",
				);
				GCC_SYMBOLS_PRIVATE_EXTERN = NO;
				GCC_WARN_64_TO_32_BIT_CONVERSION = YES;
				GCC_WARN_ABOUT_RETURN_TYPE = YES_ERROR;
				GCC_WARN_UNDECLARED_SELECTOR = YES;
				GCC_WARN_UNINITIALIZED_AUTOS = YES_AGGRESSIVE;
				GCC_WARN_UNUSED_FUNCTION = YES;
				GCC_WARN_UNUSED_VARIABLE = YES;
				IPHONEOS_DEPLOYMENT_TARGET = 8.0;
				MTL_ENABLE_DEBUG_INFO = YES;
				ONLY_ACTIVE_ARCH = YES;
				SDKROOT = iphoneos;
				SWIFT_OPTIMIZATION_LEVEL = "-Onone";
				TARGETED_DEVICE_FAMILY = "1,2";
			};
			name = Debug;
		};
		6DDEEFEA199707540072620F /* Release */ = {
			isa = XCBuildConfiguration;
			buildSettings = {
				ALWAYS_SEARCH_USER_PATHS = NO;
				CLANG_CXX_LANGUAGE_STANDARD = "gnu++0x";
				CLANG_CXX_LIBRARY = "libc++";
				CLANG_ENABLE_MODULES = YES;
				CLANG_ENABLE_OBJC_ARC = YES;
				CLANG_WARN_BOOL_CONVERSION = YES;
				CLANG_WARN_CONSTANT_CONVERSION = YES;
				CLANG_WARN_DIRECT_OBJC_ISA_USAGE = YES_ERROR;
				CLANG_WARN_EMPTY_BODY = YES;
				CLANG_WARN_ENUM_CONVERSION = YES;
				CLANG_WARN_INT_CONVERSION = YES;
				CLANG_WARN_OBJC_ROOT_CLASS = YES_ERROR;
				CLANG_WARN_UNREACHABLE_CODE = YES;
				CLANG_WARN__DUPLICATE_METHOD_MATCH = YES;
				"CODE_SIGN_IDENTITY[sdk=iphoneos*]" = "iPhone Developer";
				COPY_PHASE_STRIP = YES;
				ENABLE_NS_ASSERTIONS = NO;
				ENABLE_STRICT_OBJC_MSGSEND = YES;
				GCC_C_LANGUAGE_STANDARD = gnu99;
				GCC_WARN_64_TO_32_BIT_CONVERSION = YES;
				GCC_WARN_ABOUT_RETURN_TYPE = YES_ERROR;
				GCC_WARN_UNDECLARED_SELECTOR = YES;
				GCC_WARN_UNINITIALIZED_AUTOS = YES_AGGRESSIVE;
				GCC_WARN_UNUSED_FUNCTION = YES;
				GCC_WARN_UNUSED_VARIABLE = YES;
				IPHONEOS_DEPLOYMENT_TARGET = 8.0;
				MTL_ENABLE_DEBUG_INFO = NO;
				SDKROOT = iphoneos;
				TARGETED_DEVICE_FAMILY = "1,2";
				VALIDATE_PRODUCT = YES;
			};
			name = Release;
		};
		6DDEEFEC199707540072620F /* Debug */ = {
			isa = XCBuildConfiguration;
			buildSettings = {
				ASSETCATALOG_COMPILER_APPICON_NAME = AppIcon;
				ASSETCATALOG_COMPILER_LAUNCHIMAGE_NAME = LaunchImage;
				INFOPLIST_FILE = HoldemHand/Info.plist;
				LD_RUNPATH_SEARCH_PATHS = "$(inherited) @executable_path/Frameworks";
				PRODUCT_NAME = "$(TARGET_NAME)";
			};
			name = Debug;
		};
		6DDEEFED199707540072620F /* Release */ = {
			isa = XCBuildConfiguration;
			buildSettings = {
				ASSETCATALOG_COMPILER_APPICON_NAME = AppIcon;
				ASSETCATALOG_COMPILER_LAUNCHIMAGE_NAME = LaunchImage;
				INFOPLIST_FILE = HoldemHand/Info.plist;
				LD_RUNPATH_SEARCH_PATHS = "$(inherited) @executable_path/Frameworks";
				PRODUCT_NAME = "$(TARGET_NAME)";
			};
			name = Release;
		};
		6DDEEFEF199707540072620F /* Debug */ = {
			isa = XCBuildConfiguration;
			buildSettings = {
				BUNDLE_LOADER = "$(TEST_HOST)";
				FRAMEWORK_SEARCH_PATHS = (
					"$(SDKROOT)/Developer/Library/Frameworks",
					"$(inherited)",
				);
				GCC_PREPROCESSOR_DEFINITIONS = (
					"DEBUG=1",
					"$(inherited)",
				);
				INFOPLIST_FILE = HoldemHandTests/Info.plist;
				LD_RUNPATH_SEARCH_PATHS = "$(inherited) @executable_path/Frameworks @loader_path/Frameworks";
				PRODUCT_NAME = "$(TARGET_NAME)";
				TEST_HOST = "$(BUILT_PRODUCTS_DIR)/HoldemHand.app/HoldemHand";
			};
			name = Debug;
		};
		6DDEEFF0199707540072620F /* Release */ = {
			isa = XCBuildConfiguration;
			buildSettings = {
				BUNDLE_LOADER = "$(TEST_HOST)";
				FRAMEWORK_SEARCH_PATHS = (
					"$(SDKROOT)/Developer/Library/Frameworks",
					"$(inherited)",
				);
				INFOPLIST_FILE = HoldemHandTests/Info.plist;
				LD_RUNPATH_SEARCH_PATHS = "$(inherited) @executable_path/Frameworks @loader_path/Frameworks";
				PRODUCT_NAME = "$(TARGET_NAME)";
				TEST_HOST = "$(BUILT_PRODUCTS_DIR)/HoldemHand.app/HoldemHand";
			};
			name = Release;
		};
/* End XCBuildConfiguration section */

/* Begin XCConfigurationList section */
		6DDEEFCA199707530072620F /* Build configuration list for PBXProject "HoldemHand" */ = {
			isa = XCConfigurationList;
			buildConfigurations = (
				6DDEEFE9199707540072620F /* Debug */,
				6DDEEFEA199707540072620F /* Release */,
			);
			defaultConfigurationIsVisible = 0;
			defaultConfigurationName = Release;
		};
		6DDEEFEB199707540072620F /* Build configuration list for PBXNativeTarget "HoldemHand" */ = {
			isa = XCConfigurationList;
			buildConfigurations = (
				6DDEEFEC199707540072620F /* Debug */,
				6DDEEFED199707540072620F /* Release */,
			);
			defaultConfigurationIsVisible = 0;
		};
		6DDEEFEE199707540072620F /* Build configuration list for PBXNativeTarget "HoldemHandTests" */ = {
			isa = XCConfigurationList;
			buildConfigurations = (
				6DDEEFEF199707540072620F /* Debug */,
				6DDEEFF0199707540072620F /* Release */,
			);
			defaultConfigurationIsVisible = 0;
		};
/* End XCConfigurationList section */
	};
	rootObject = 6DDEEFC7199707530072620F /* Project object */;
}
