// !$*UTF8*$!
{
	archiveVersion = 1;
	classes = {
	};
	objectVersion = 46;
	objects = {

/* Begin PBXBuildFile section */
		6D45AFC219A15DDE00A3145B /* CardCell.swift in Sources */ = {isa = PBXBuildFile; fileRef = 6D45AFC119A15DDD00A3145B /* CardCell.swift */; };
		6D45AFC419A15E6900A3145B /* CardExtraCell.swift in Sources */ = {isa = PBXBuildFile; fileRef = 6D45AFC319A15E6900A3145B /* CardExtraCell.swift */; };
		6DAC068A19B3D7500091A82C /* PlayerView.swift in Sources */ = {isa = PBXBuildFile; fileRef = 6DAC068919B3D7500091A82C /* PlayerView.swift */; };
		6DDEEFD5199707530072620F /* AppDelegate.swift in Sources */ = {isa = PBXBuildFile; fileRef = 6DDEEFD4199707530072620F /* AppDelegate.swift */; };
		6DDEEFD7199707530072620F /* ViewController.swift in Sources */ = {isa = PBXBuildFile; fileRef = 6DDEEFD6199707530072620F /* ViewController.swift */; };
		6DDEEFDA199707530072620F /* Main.storyboard in Resources */ = {isa = PBXBuildFile; fileRef = 6DDEEFD8199707530072620F /* Main.storyboard */; };
		6DDEEFDC199707530072620F /* Images.xcassets in Resources */ = {isa = PBXBuildFile; fileRef = 6DDEEFDB199707530072620F /* Images.xcassets */; };
		6DDEEFE8199707540072620F /* HoldemHandTests.swift in Sources */ = {isa = PBXBuildFile; fileRef = 6DDEEFE7199707540072620F /* HoldemHandTests.swift */; };
		6DDEF026199708490072620F /* 2clubs.jpg in Resources */ = {isa = PBXBuildFile; fileRef = 6DDEEFF2199708490072620F /* 2clubs.jpg */; };
		6DDEF027199708490072620F /* 2diamonds.jpg in Resources */ = {isa = PBXBuildFile; fileRef = 6DDEEFF3199708490072620F /* 2diamonds.jpg */; };
		6DDEF028199708490072620F /* 2hearts.jpg in Resources */ = {isa = PBXBuildFile; fileRef = 6DDEEFF4199708490072620F /* 2hearts.jpg */; };
		6DDEF029199708490072620F /* 2spades.jpg in Resources */ = {isa = PBXBuildFile; fileRef = 6DDEEFF5199708490072620F /* 2spades.jpg */; };
		6DDEF02A199708490072620F /* 3clubs.jpg in Resources */ = {isa = PBXBuildFile; fileRef = 6DDEEFF6199708490072620F /* 3clubs.jpg */; };
		6DDEF02B199708490072620F /* 3diamonds.jpg in Resources */ = {isa = PBXBuildFile; fileRef = 6DDEEFF7199708490072620F /* 3diamonds.jpg */; };
		6DDEF02C199708490072620F /* 3hearts.jpg in Resources */ = {isa = PBXBuildFile; fileRef = 6DDEEFF8199708490072620F /* 3hearts.jpg */; };
		6DDEF02D199708490072620F /* 3spades.jpg in Resources */ = {isa = PBXBuildFile; fileRef = 6DDEEFF9199708490072620F /* 3spades.jpg */; };
		6DDEF02E199708490072620F /* 4clubs.jpg in Resources */ = {isa = PBXBuildFile; fileRef = 6DDEEFFA199708490072620F /* 4clubs.jpg */; };
		6DDEF02F199708490072620F /* 4diamonds.jpg in Resources */ = {isa = PBXBuildFile; fileRef = 6DDEEFFB199708490072620F /* 4diamonds.jpg */; };
		6DDEF030199708490072620F /* 4hearts.jpg in Resources */ = {isa = PBXBuildFile; fileRef = 6DDEEFFC199708490072620F /* 4hearts.jpg */; };
		6DDEF031199708490072620F /* 4spades.jpg in Resources */ = {isa = PBXBuildFile; fileRef = 6DDEEFFD199708490072620F /* 4spades.jpg */; };
		6DDEF032199708490072620F /* 5clubs.jpg in Resources */ = {isa = PBXBuildFile; fileRef = 6DDEEFFE199708490072620F /* 5clubs.jpg */; };
		6DDEF033199708490072620F /* 5diamonds.jpg in Resources */ = {isa = PBXBuildFile; fileRef = 6DDEEFFF199708490072620F /* 5diamonds.jpg */; };
		6DDEF034199708490072620F /* 5hearts.jpg in Resources */ = {isa = PBXBuildFile; fileRef = 6DDEF000199708490072620F /* 5hearts.jpg */; };
		6DDEF035199708490072620F /* 5spades.jpg in Resources */ = {isa = PBXBuildFile; fileRef = 6DDEF001199708490072620F /* 5spades.jpg */; };
		6DDEF036199708490072620F /* 6clubs.jpg in Resources */ = {isa = PBXBuildFile; fileRef = 6DDEF002199708490072620F /* 6clubs.jpg */; };
		6DDEF037199708490072620F /* 6diamonds.jpg in Resources */ = {isa = PBXBuildFile; fileRef = 6DDEF003199708490072620F /* 6diamonds.jpg */; };
		6DDEF038199708490072620F /* 6hearts.jpg in Resources */ = {isa = PBXBuildFile; fileRef = 6DDEF004199708490072620F /* 6hearts.jpg */; };
		6DDEF039199708490072620F /* 6spades.jpg in Resources */ = {isa = PBXBuildFile; fileRef = 6DDEF005199708490072620F /* 6spades.jpg */; };
		6DDEF03A199708490072620F /* 7clubs.jpg in Resources */ = {isa = PBXBuildFile; fileRef = 6DDEF006199708490072620F /* 7clubs.jpg */; };
		6DDEF03B199708490072620F /* 7diamonds.jpg in Resources */ = {isa = PBXBuildFile; fileRef = 6DDEF007199708490072620F /* 7diamonds.jpg */; };
		6DDEF03C199708490072620F /* 7hearts.jpg in Resources */ = {isa = PBXBuildFile; fileRef = 6DDEF008199708490072620F /* 7hearts.jpg */; };
		6DDEF03D199708490072620F /* 7spades.jpg in Resources */ = {isa = PBXBuildFile; fileRef = 6DDEF009199708490072620F /* 7spades.jpg */; };
		6DDEF03E199708490072620F /* 8clubs.jpg in Resources */ = {isa = PBXBuildFile; fileRef = 6DDEF00A199708490072620F /* 8clubs.jpg */; };
		6DDEF03F199708490072620F /* 8diamonds.jpg in Resources */ = {isa = PBXBuildFile; fileRef = 6DDEF00B199708490072620F /* 8diamonds.jpg */; };
		6DDEF040199708490072620F /* 8hearts.jpg in Resources */ = {isa = PBXBuildFile; fileRef = 6DDEF00C199708490072620F /* 8hearts.jpg */; };
		6DDEF041199708490072620F /* 8spades.jpg in Resources */ = {isa = PBXBuildFile; fileRef = 6DDEF00D199708490072620F /* 8spades.jpg */; };
		6DDEF042199708490072620F /* 9clubs.jpg in Resources */ = {isa = PBXBuildFile; fileRef = 6DDEF00E199708490072620F /* 9clubs.jpg */; };
		6DDEF043199708490072620F /* 9diamonds.jpg in Resources */ = {isa = PBXBuildFile; fileRef = 6DDEF00F199708490072620F /* 9diamonds.jpg */; };
		6DDEF044199708490072620F /* 9hearts.jpg in Resources */ = {isa = PBXBuildFile; fileRef = 6DDEF010199708490072620F /* 9hearts.jpg */; };
		6DDEF045199708490072620F /* 9spades.jpg in Resources */ = {isa = PBXBuildFile; fileRef = 6DDEF011199708490072620F /* 9spades.jpg */; };
		6DDEF046199708490072620F /* Aclubs.jpg in Resources */ = {isa = PBXBuildFile; fileRef = 6DDEF012199708490072620F /* Aclubs.jpg */; };
		6DDEF047199708490072620F /* Adiamonds.jpg in Resources */ = {isa = PBXBuildFile; fileRef = 6DDEF013199708490072620F /* Adiamonds.jpg */; };
		6DDEF048199708490072620F /* Ahearts.jpg in Resources */ = {isa = PBXBuildFile; fileRef = 6DDEF014199708490072620F /* Ahearts.jpg */; };
		6DDEF049199708490072620F /* Aspades.jpg in Resources */ = {isa = PBXBuildFile; fileRef = 6DDEF015199708490072620F /* Aspades.jpg */; };
		6DDEF04A199708490072620F /* Jclubs.jpg in Resources */ = {isa = PBXBuildFile; fileRef = 6DDEF016199708490072620F /* Jclubs.jpg */; };
		6DDEF04B199708490072620F /* Jdiamonds.jpg in Resources */ = {isa = PBXBuildFile; fileRef = 6DDEF017199708490072620F /* Jdiamonds.jpg */; };
		6DDEF04C199708490072620F /* Jhearts.jpg in Resources */ = {isa = PBXBuildFile; fileRef = 6DDEF018199708490072620F /* Jhearts.jpg */; };
		6DDEF04D199708490072620F /* Jspades.jpg in Resources */ = {isa = PBXBuildFile; fileRef = 6DDEF019199708490072620F /* Jspades.jpg */; };
		6DDEF04E199708490072620F /* Kclubs.jpg in Resources */ = {isa = PBXBuildFile; fileRef = 6DDEF01A199708490072620F /* Kclubs.jpg */; };
		6DDEF04F199708490072620F /* Kdiamonds.jpg in Resources */ = {isa = PBXBuildFile; fileRef = 6DDEF01B199708490072620F /* Kdiamonds.jpg */; };
		6DDEF050199708490072620F /* Khearts.jpg in Resources */ = {isa = PBXBuildFile; fileRef = 6DDEF01C199708490072620F /* Khearts.jpg */; };
		6DDEF051199708490072620F /* Kspades.jpg in Resources */ = {isa = PBXBuildFile; fileRef = 6DDEF01D199708490072620F /* Kspades.jpg */; };
		6DDEF052199708490072620F /* Qclubs.jpg in Resources */ = {isa = PBXBuildFile; fileRef = 6DDEF01E199708490072620F /* Qclubs.jpg */; };
		6DDEF053199708490072620F /* Qdiamonds.jpg in Resources */ = {isa = PBXBuildFile; fileRef = 6DDEF01F199708490072620F /* Qdiamonds.jpg */; };
		6DDEF054199708490072620F /* Qhearts.jpg in Resources */ = {isa = PBXBuildFile; fileRef = 6DDEF020199708490072620F /* Qhearts.jpg */; };
		6DDEF055199708490072620F /* Qspades.jpg in Resources */ = {isa = PBXBuildFile; fileRef = 6DDEF021199708490072620F /* Qspades.jpg */; };
		6DDEF056199708490072620F /* Tclubs.jpg in Resources */ = {isa = PBXBuildFile; fileRef = 6DDEF022199708490072620F /* Tclubs.jpg */; };
		6DDEF057199708490072620F /* Tdiamonds.jpg in Resources */ = {isa = PBXBuildFile; fileRef = 6DDEF023199708490072620F /* Tdiamonds.jpg */; };
		6DDEF058199708490072620F /* Thearts.jpg in Resources */ = {isa = PBXBuildFile; fileRef = 6DDEF024199708490072620F /* Thearts.jpg */; };
		6DDEF059199708490072620F /* Tspades.jpg in Resources */ = {isa = PBXBuildFile; fileRef = 6DDEF025199708490072620F /* Tspades.jpg */; };
		6DDEF05B199708820072620F /* CardGame.swift in Sources */ = {isa = PBXBuildFile; fileRef = 6DDEF05A199708820072620F /* CardGame.swift */; };
		6DDEF05D199709E30072620F /* HoldemViewController.swift in Sources */ = {isa = PBXBuildFile; fileRef = 6DDEF05C199709E30072620F /* HoldemViewController.swift */; };
		6DDEF05F19970BE10072620F /* Barbie.jpg in Resources */ = {isa = PBXBuildFile; fileRef = 6DDEF05E19970BE10072620F /* Barbie.jpg */; };
		6DDEF06119970DAB0072620F /* CardImage.swift in Sources */ = {isa = PBXBuildFile; fileRef = 6DDEF06019970DAB0072620F /* CardImage.swift */; };
		6DDEF0631997108E0072620F /* BlankSpace.jpg in Resources */ = {isa = PBXBuildFile; fileRef = 6DDEF0621997108E0072620F /* BlankSpace.jpg */; };
		6DDEF0651997FA140072620F /* Player.swift in Sources */ = {isa = PBXBuildFile; fileRef = 6DDEF0641997FA140072620F /* Player.swift */; };
		6DEDDE2E19991EDD0091D2D9 /* HandSorter.swift in Sources */ = {isa = PBXBuildFile; fileRef = 6DEDDE2D19991EDD0091D2D9 /* HandSorter.swift */; };
		6DEDDE30199964420091D2D9 /* HandComparer.swift in Sources */ = {isa = PBXBuildFile; fileRef = 6DEDDE2F199964420091D2D9 /* HandComparer.swift */; };
		6DEDDE32199A884D0091D2D9 /* GameController.swift in Sources */ = {isa = PBXBuildFile; fileRef = 6DEDDE31199A884D0091D2D9 /* GameController.swift */; };
		6DEDDE36199ADCFE0091D2D9 /* GameKitHelper.m in Sources */ = {isa = PBXBuildFile; fileRef = 6DEDDE35199ADCFE0091D2D9 /* GameKitHelper.m */; };
		6DEDDE38199AF88E0091D2D9 /* HoldemRound.swift in Sources */ = {isa = PBXBuildFile; fileRef = 6DEDDE37199AF88E0091D2D9 /* HoldemRound.swift */; };
		6DEDDE3A199D26050091D2D9 /* GameKit.framework in Frameworks */ = {isa = PBXBuildFile; fileRef = 6DEDDE39199D26050091D2D9 /* GameKit.framework */; };
/* End PBXBuildFile section */

/* Begin PBXContainerItemProxy section */
		6DDEEFE2199707540072620F /* PBXContainerItemProxy */ = {
			isa = PBXContainerItemProxy;
			containerPortal = 6DDEEFC7199707530072620F /* Project object */;
			proxyType = 1;
			remoteGlobalIDString = 6DDEEFCE199707530072620F;
			remoteInfo = HoldemHand;
		};
/* End PBXContainerItemProxy section */

/* Begin PBXFileReference section */
		6D45AFC119A15DDD00A3145B /* CardCell.swift */ = {isa = PBXFileReference; fileEncoding = 4; lastKnownFileType = sourcecode.swift; path = CardCell.swift; sourceTree = "<group>"; };
		6D45AFC319A15E6900A3145B /* CardExtraCell.swift */ = {isa = PBXFileReference; fileEncoding = 4; lastKnownFileType = sourcecode.swift; path = CardExtraCell.swift; sourceTree = "<group>"; };
		6DAC068919B3D7500091A82C /* PlayerView.swift */ = {isa = PBXFileReference; fileEncoding = 4; lastKnownFileType = sourcecode.swift; path = PlayerView.swift; sourceTree = "<group>"; };
		6DDEEFCF199707530072620F /* HoldemHand.app */ = {isa = PBXFileReference; explicitFileType = wrapper.application; includeInIndex = 0; path = HoldemHand.app; sourceTree = BUILT_PRODUCTS_DIR; };
		6DDEEFD3199707530072620F /* Info.plist */ = {isa = PBXFileReference; lastKnownFileType = text.plist.xml; path = Info.plist; sourceTree = "<group>"; };
		6DDEEFD4199707530072620F /* AppDelegate.swift */ = {isa = PBXFileReference; lastKnownFileType = sourcecode.swift; path = AppDelegate.swift; sourceTree = "<group>"; };
		6DDEEFD6199707530072620F /* ViewController.swift */ = {isa = PBXFileReference; lastKnownFileType = sourcecode.swift; path = ViewController.swift; sourceTree = "<group>"; };
		6DDEEFD9199707530072620F /* Base */ = {isa = PBXFileReference; lastKnownFileType = file.storyboard; name = Base; path = Base.lproj/Main.storyboard; sourceTree = "<group>"; };
		6DDEEFDB199707530072620F /* Images.xcassets */ = {isa = PBXFileReference; lastKnownFileType = folder.assetcatalog; path = Images.xcassets; sourceTree = "<group>"; };
		6DDEEFE1199707530072620F /* HoldemHandTests.xctest */ = {isa = PBXFileReference; explicitFileType = wrapper.cfbundle; includeInIndex = 0; path = HoldemHandTests.xctest; sourceTree = BUILT_PRODUCTS_DIR; };
		6DDEEFE6199707540072620F /* Info.plist */ = {isa = PBXFileReference; lastKnownFileType = text.plist.xml; path = Info.plist; sourceTree = "<group>"; };
		6DDEEFE7199707540072620F /* HoldemHandTests.swift */ = {isa = PBXFileReference; lastKnownFileType = sourcecode.swift; path = HoldemHandTests.swift; sourceTree = "<group>"; };
		6DDEEFF2199708490072620F /* 2clubs.jpg */ = {isa = PBXFileReference; lastKnownFileType = image.jpeg; path = 2clubs.jpg; sourceTree = "<group>"; };
		6DDEEFF3199708490072620F /* 2diamonds.jpg */ = {isa = PBXFileReference; lastKnownFileType = image.jpeg; path = 2diamonds.jpg; sourceTree = "<group>"; };
		6DDEEFF4199708490072620F /* 2hearts.jpg */ = {isa = PBXFileReference; lastKnownFileType = image.jpeg; path = 2hearts.jpg; sourceTree = "<group>"; };
		6DDEEFF5199708490072620F /* 2spades.jpg */ = {isa = PBXFileReference; lastKnownFileType = image.jpeg; path = 2spades.jpg; sourceTree = "<group>"; };
		6DDEEFF6199708490072620F /* 3clubs.jpg */ = {isa = PBXFileReference; lastKnownFileType = image.jpeg; path = 3clubs.jpg; sourceTree = "<group>"; };
		6DDEEFF7199708490072620F /* 3diamonds.jpg */ = {isa = PBXFileReference; lastKnownFileType = image.jpeg; path = 3diamonds.jpg; sourceTree = "<group>"; };
		6DDEEFF8199708490072620F /* 3hearts.jpg */ = {isa = PBXFileReference; lastKnownFileType = image.jpeg; path = 3hearts.jpg; sourceTree = "<group>"; };
		6DDEEFF9199708490072620F /* 3spades.jpg */ = {isa = PBXFileReference; lastKnownFileType = image.jpeg; path = 3spades.jpg; sourceTree = "<group>"; };
		6DDEEFFA199708490072620F /* 4clubs.jpg */ = {isa = PBXFileReference; lastKnownFileType = image.jpeg; path = 4clubs.jpg; sourceTree = "<group>"; };
		6DDEEFFB199708490072620F /* 4diamonds.jpg */ = {isa = PBXFileReference; lastKnownFileType = image.jpeg; path = 4diamonds.jpg; sourceTree = "<group>"; };
		6DDEEFFC199708490072620F /* 4hearts.jpg */ = {isa = PBXFileReference; lastKnownFileType = image.jpeg; path = 4hearts.jpg; sourceTree = "<group>"; };
		6DDEEFFD199708490072620F /* 4spades.jpg */ = {isa = PBXFileReference; lastKnownFileType = image.jpeg; path = 4spades.jpg; sourceTree = "<group>"; };
		6DDEEFFE199708490072620F /* 5clubs.jpg */ = {isa = PBXFileReference; lastKnownFileType = image.jpeg; path = 5clubs.jpg; sourceTree = "<group>"; };
		6DDEEFFF199708490072620F /* 5diamonds.jpg */ = {isa = PBXFileReference; lastKnownFileType = image.jpeg; path = 5diamonds.jpg; sourceTree = "<group>"; };
		6DDEF000199708490072620F /* 5hearts.jpg */ = {isa = PBXFileReference; lastKnownFileType = image.jpeg; path = 5hearts.jpg; sourceTree = "<group>"; };
		6DDEF001199708490072620F /* 5spades.jpg */ = {isa = PBXFileReference; lastKnownFileType = image.jpeg; path = 5spades.jpg; sourceTree = "<group>"; };
		6DDEF002199708490072620F /* 6clubs.jpg */ = {isa = PBXFileReference; lastKnownFileType = image.jpeg; path = 6clubs.jpg; sourceTree = "<group>"; };
		6DDEF003199708490072620F /* 6diamonds.jpg */ = {isa = PBXFileReference; lastKnownFileType = image.jpeg; path = 6diamonds.jpg; sourceTree = "<group>"; };
		6DDEF004199708490072620F /* 6hearts.jpg */ = {isa = PBXFileReference; lastKnownFileType = image.jpeg; path = 6hearts.jpg; sourceTree = "<group>"; };
		6DDEF005199708490072620F /* 6spades.jpg */ = {isa = PBXFileReference; lastKnownFileType = image.jpeg; path = 6spades.jpg; sourceTree = "<group>"; };
		6DDEF006199708490072620F /* 7clubs.jpg */ = {isa = PBXFileReference; lastKnownFileType = image.jpeg; path = 7clubs.jpg; sourceTree = "<group>"; };
		6DDEF007199708490072620F /* 7diamonds.jpg */ = {isa = PBXFileReference; lastKnownFileType = image.jpeg; path = 7diamonds.jpg; sourceTree = "<group>"; };
		6DDEF008199708490072620F /* 7hearts.jpg */ = {isa = PBXFileReference; lastKnownFileType = image.jpeg; path = 7hearts.jpg; sourceTree = "<group>"; };
		6DDEF009199708490072620F /* 7spades.jpg */ = {isa = PBXFileReference; lastKnownFileType = image.jpeg; path = 7spades.jpg; sourceTree = "<group>"; };
		6DDEF00A199708490072620F /* 8clubs.jpg */ = {isa = PBXFileReference; lastKnownFileType = image.jpeg; path = 8clubs.jpg; sourceTree = "<group>"; };
		6DDEF00B199708490072620F /* 8diamonds.jpg */ = {isa = PBXFileReference; lastKnownFileType = image.jpeg; path = 8diamonds.jpg; sourceTree = "<group>"; };
		6DDEF00C199708490072620F /* 8hearts.jpg */ = {isa = PBXFileReference; lastKnownFileType = image.jpeg; path = 8hearts.jpg; sourceTree = "<group>"; };
		6DDEF00D199708490072620F /* 8spades.jpg */ = {isa = PBXFileReference; lastKnownFileType = image.jpeg; path = 8spades.jpg; sourceTree = "<group>"; };
		6DDEF00E199708490072620F /* 9clubs.jpg */ = {isa = PBXFileReference; lastKnownFileType = image.jpeg; path = 9clubs.jpg; sourceTree = "<group>"; };
		6DDEF00F199708490072620F /* 9diamonds.jpg */ = {isa = PBXFileReference; lastKnownFileType = image.jpeg; path = 9diamonds.jpg; sourceTree = "<group>"; };
		6DDEF010199708490072620F /* 9hearts.jpg */ = {isa = PBXFileReference; lastKnownFileType = image.jpeg; path = 9hearts.jpg; sourceTree = "<group>"; };
		6DDEF011199708490072620F /* 9spades.jpg */ = {isa = PBXFileReference; lastKnownFileType = image.jpeg; path = 9spades.jpg; sourceTree = "<group>"; };
		6DDEF012199708490072620F /* Aclubs.jpg */ = {isa = PBXFileReference; lastKnownFileType = image.jpeg; path = Aclubs.jpg; sourceTree = "<group>"; };
		6DDEF013199708490072620F /* Adiamonds.jpg */ = {isa = PBXFileReference; lastKnownFileType = image.jpeg; path = Adiamonds.jpg; sourceTree = "<group>"; };
		6DDEF014199708490072620F /* Ahearts.jpg */ = {isa = PBXFileReference; lastKnownFileType = image.jpeg; path = Ahearts.jpg; sourceTree = "<group>"; };
		6DDEF015199708490072620F /* Aspades.jpg */ = {isa = PBXFileReference; lastKnownFileType = image.jpeg; path = Aspades.jpg; sourceTree = "<group>"; };
		6DDEF016199708490072620F /* Jclubs.jpg */ = {isa = PBXFileReference; lastKnownFileType = image.jpeg; path = Jclubs.jpg; sourceTree = "<group>"; };
		6DDEF017199708490072620F /* Jdiamonds.jpg */ = {isa = PBXFileReference; lastKnownFileType = image.jpeg; path = Jdiamonds.jpg; sourceTree = "<group>"; };
		6DDEF018199708490072620F /* Jhearts.jpg */ = {isa = PBXFileReference; lastKnownFileType = image.jpeg; path = Jhearts.jpg; sourceTree = "<group>"; };
		6DDEF019199708490072620F /* Jspades.jpg */ = {isa = PBXFileReference; lastKnownFileType = image.jpeg; path = Jspades.jpg; sourceTree = "<group>"; };
		6DDEF01A199708490072620F /* Kclubs.jpg */ = {isa = PBXFileReference; lastKnownFileType = image.jpeg; path = Kclubs.jpg; sourceTree = "<group>"; };
		6DDEF01B199708490072620F /* Kdiamonds.jpg */ = {isa = PBXFileReference; lastKnownFileType = image.jpeg; path = Kdiamonds.jpg; sourceTree = "<group>"; };
		6DDEF01C199708490072620F /* Khearts.jpg */ = {isa = PBXFileReference; lastKnownFileType = image.jpeg; path = Khearts.jpg; sourceTree = "<group>"; };
		6DDEF01D199708490072620F /* Kspades.jpg */ = {isa = PBXFileReference; lastKnownFileType = image.jpeg; path = Kspades.jpg; sourceTree = "<group>"; };
		6DDEF01E199708490072620F /* Qclubs.jpg */ = {isa = PBXFileReference; lastKnownFileType = image.jpeg; path = Qclubs.jpg; sourceTree = "<group>"; };
		6DDEF01F199708490072620F /* Qdiamonds.jpg */ = {isa = PBXFileReference; lastKnownFileType = image.jpeg; path = Qdiamonds.jpg; sourceTree = "<group>"; };
		6DDEF020199708490072620F /* Qhearts.jpg */ = {isa = PBXFileReference; lastKnownFileType = image.jpeg; path = Qhearts.jpg; sourceTree = "<group>"; };
		6DDEF021199708490072620F /* Qspades.jpg */ = {isa = PBXFileReference; lastKnownFileType = image.jpeg; path = Qspades.jpg; sourceTree = "<group>"; };
		6DDEF022199708490072620F /* Tclubs.jpg */ = {isa = PBXFileReference; lastKnownFileType = image.jpeg; path = Tclubs.jpg; sourceTree = "<group>"; };
		6DDEF023199708490072620F /* Tdiamonds.jpg */ = {isa = PBXFileReference; lastKnownFileType = image.jpeg; path = Tdiamonds.jpg; sourceTree = "<group>"; };
		6DDEF024199708490072620F /* Thearts.jpg */ = {isa = PBXFileReference; lastKnownFileType = image.jpeg; path = Thearts.jpg; sourceTree = "<group>"; };
		6DDEF025199708490072620F /* Tspades.jpg */ = {isa = PBXFileReference; lastKnownFileType = image.jpeg; path = Tspades.jpg; sourceTree = "<group>"; };
		6DDEF05A199708820072620F /* CardGame.swift */ = {isa = PBXFileReference; fileEncoding = 4; lastKnownFileType = sourcecode.swift; path = CardGame.swift; sourceTree = "<group>"; };
		6DDEF05C199709E30072620F /* HoldemViewController.swift */ = {isa = PBXFileReference; fileEncoding = 4; lastKnownFileType = sourcecode.swift; path = HoldemViewController.swift; sourceTree = "<group>"; };
		6DDEF05E19970BE10072620F /* Barbie.jpg */ = {isa = PBXFileReference; lastKnownFileType = image.jpeg; path = Barbie.jpg; sourceTree = "<group>"; };
		6DDEF06019970DAB0072620F /* CardImage.swift */ = {isa = PBXFileReference; fileEncoding = 4; lastKnownFileType = sourcecode.swift; path = CardImage.swift; sourceTree = "<group>"; };
		6DDEF0621997108E0072620F /* BlankSpace.jpg */ = {isa = PBXFileReference; lastKnownFileType = image.jpeg; path = BlankSpace.jpg; sourceTree = "<group>"; };
		6DDEF0641997FA140072620F /* Player.swift */ = {isa = PBXFileReference; fileEncoding = 4; lastKnownFileType = sourcecode.swift; path = Player.swift; sourceTree = "<group>"; };
		6DEDDE2D19991EDD0091D2D9 /* HandSorter.swift */ = {isa = PBXFileReference; fileEncoding = 4; lastKnownFileType = sourcecode.swift; path = HandSorter.swift; sourceTree = "<group>"; };
		6DEDDE2F199964420091D2D9 /* HandComparer.swift */ = {isa = PBXFileReference; fileEncoding = 4; lastKnownFileType = sourcecode.swift; path = HandComparer.swift; sourceTree = "<group>"; };
		6DEDDE31199A884D0091D2D9 /* GameController.swift */ = {isa = PBXFileReference; fileEncoding = 4; lastKnownFileType = sourcecode.swift; path = GameController.swift; sourceTree = "<group>"; };
		6DEDDE33199ADCFD0091D2D9 /* HoldemHand-Bridging-Header.h */ = {isa = PBXFileReference; lastKnownFileType = sourcecode.c.h; path = "HoldemHand-Bridging-Header.h"; sourceTree = "<group>"; };
		6DEDDE34199ADCFE0091D2D9 /* GameKitHelper.h */ = {isa = PBXFileReference; fileEncoding = 4; lastKnownFileType = sourcecode.c.h; path = GameKitHelper.h; sourceTree = "<group>"; };
		6DEDDE35199ADCFE0091D2D9 /* GameKitHelper.m */ = {isa = PBXFileReference; fileEncoding = 4; lastKnownFileType = sourcecode.c.objc; path = GameKitHelper.m; sourceTree = "<group>"; };
		6DEDDE37199AF88E0091D2D9 /* HoldemRound.swift */ = {isa = PBXFileReference; fileEncoding = 4; lastKnownFileType = sourcecode.swift; path = HoldemRound.swift; sourceTree = "<group>"; };
		6DEDDE39199D26050091D2D9 /* GameKit.framework */ = {isa = PBXFileReference; lastKnownFileType = wrapper.framework; name = GameKit.framework; path = System/Library/Frameworks/GameKit.framework; sourceTree = SDKROOT; };
/* End PBXFileReference section */

/* Begin PBXFrameworksBuildPhase section */
		6DDEEFCC199707530072620F /* Frameworks */ = {
			isa = PBXFrameworksBuildPhase;
			buildActionMask = 2147483647;
			files = (
				6DEDDE3A199D26050091D2D9 /* GameKit.framework in Frameworks */,
			);
			runOnlyForDeploymentPostprocessing = 0;
		};
		6DDEEFDE199707530072620F /* Frameworks */ = {
			isa = PBXFrameworksBuildPhase;
			buildActionMask = 2147483647;
			files = (
			);
			runOnlyForDeploymentPostprocessing = 0;
		};
/* End PBXFrameworksBuildPhase section */

/* Begin PBXGroup section */
		6D45AFC619A1657A00A3145B /* outs */ = {
			isa = PBXGroup;
			children = (
			);
			name = outs;
			sourceTree = "<group>";
		};
		6DDEEFC6199707530072620F = {
			isa = PBXGroup;
			children = (
				6DEDDE39199D26050091D2D9 /* GameKit.framework */,
				6DDEF0621997108E0072620F /* BlankSpace.jpg */,
				6DDEF05E19970BE10072620F /* Barbie.jpg */,
				6DDEF05A199708820072620F /* CardGame.swift */,
				6D45AFC619A1657A00A3145B /* outs */,
				6DDEEFF1199708490072620F /* playing cards */,
				6DDEEFD1199707530072620F /* HoldemHand */,
				6DDEEFE4199707540072620F /* HoldemHandTests */,
				6DDEEFD0199707530072620F /* Products */,
			);
			sourceTree = "<group>";
		};
		6DDEEFD0199707530072620F /* Products */ = {
			isa = PBXGroup;
			children = (
				6DDEEFCF199707530072620F /* HoldemHand.app */,
				6DDEEFE1199707530072620F /* HoldemHandTests.xctest */,
			);
			name = Products;
			sourceTree = "<group>";
		};
		6DDEEFD1199707530072620F /* HoldemHand */ = {
			isa = PBXGroup;
			children = (
				6DDEEFD4199707530072620F /* AppDelegate.swift */,
				6DDEF06019970DAB0072620F /* CardImage.swift */,
				6D45AFC119A15DDD00A3145B /* CardCell.swift */,
				6D45AFC319A15E6900A3145B /* CardExtraCell.swift */,
				6DEDDE37199AF88E0091D2D9 /* HoldemRound.swift */,
				6DEDDE2D19991EDD0091D2D9 /* HandSorter.swift */,
				6DEDDE2F199964420091D2D9 /* HandComparer.swift */,
				6DDEEFD6199707530072620F /* ViewController.swift */,
				6DDEF05C199709E30072620F /* HoldemViewController.swift */,
				6DAC068919B3D7500091A82C /* PlayerView.swift */,
				6DEDDE31199A884D0091D2D9 /* GameController.swift */,
				6DDEF0641997FA140072620F /* Player.swift */,
				6DDEEFD8199707530072620F /* Main.storyboard */,
				6DDEEFDB199707530072620F /* Images.xcassets */,
				6DDEEFD2199707530072620F /* Supporting Files */,
			);
			path = HoldemHand;
			sourceTree = "<group>";
		};
		6DDEEFD2199707530072620F /* Supporting Files */ = {
			isa = PBXGroup;
			children = (
				6DEDDE34199ADCFE0091D2D9 /* GameKitHelper.h */,
				6DEDDE35199ADCFE0091D2D9 /* GameKitHelper.m */,
				6DDEEFD3199707530072620F /* Info.plist */,
				6DEDDE33199ADCFD0091D2D9 /* HoldemHand-Bridging-Header.h */,
			);
			name = "Supporting Files";
			sourceTree = "<group>";
		};
		6DDEEFE4199707540072620F /* HoldemHandTests */ = {
			isa = PBXGroup;
			children = (
				6DDEEFE7199707540072620F /* HoldemHandTests.swift */,
				6DDEEFE5199707540072620F /* Supporting Files */,
			);
			path = HoldemHandTests;
			sourceTree = "<group>";
		};
		6DDEEFE5199707540072620F /* Supporting Files */ = {
			isa = PBXGroup;
			children = (
				6DDEEFE6199707540072620F /* Info.plist */,
			);
			name = "Supporting Files";
			sourceTree = "<group>";
		};
		6DDEEFF1199708490072620F /* playing cards */ = {
			isa = PBXGroup;
			children = (
				6DDEEFF2199708490072620F /* 2clubs.jpg */,
				6DDEEFF3199708490072620F /* 2diamonds.jpg */,
				6DDEEFF4199708490072620F /* 2hearts.jpg */,
				6DDEEFF5199708490072620F /* 2spades.jpg */,
				6DDEEFF6199708490072620F /* 3clubs.jpg */,
				6DDEEFF7199708490072620F /* 3diamonds.jpg */,
				6DDEEFF8199708490072620F /* 3hearts.jpg */,
				6DDEEFF9199708490072620F /* 3spades.jpg */,
				6DDEEFFA199708490072620F /* 4clubs.jpg */,
				6DDEEFFB199708490072620F /* 4diamonds.jpg */,
				6DDEEFFC199708490072620F /* 4hearts.jpg */,
				6DDEEFFD199708490072620F /* 4spades.jpg */,
				6DDEEFFE199708490072620F /* 5clubs.jpg */,
				6DDEEFFF199708490072620F /* 5diamonds.jpg */,
				6DDEF000199708490072620F /* 5hearts.jpg */,
				6DDEF001199708490072620F /* 5spades.jpg */,
				6DDEF002199708490072620F /* 6clubs.jpg */,
				6DDEF003199708490072620F /* 6diamonds.jpg */,
				6DDEF004199708490072620F /* 6hearts.jpg */,
				6DDEF005199708490072620F /* 6spades.jpg */,
				6DDEF006199708490072620F /* 7clubs.jpg */,
				6DDEF007199708490072620F /* 7diamonds.jpg */,
				6DDEF008199708490072620F /* 7hearts.jpg */,
				6DDEF009199708490072620F /* 7spades.jpg */,
				6DDEF00A199708490072620F /* 8clubs.jpg */,
				6DDEF00B199708490072620F /* 8diamonds.jpg */,
				6DDEF00C199708490072620F /* 8hearts.jpg */,
				6DDEF00D199708490072620F /* 8spades.jpg */,
				6DDEF00E199708490072620F /* 9clubs.jpg */,
				6DDEF00F199708490072620F /* 9diamonds.jpg */,
				6DDEF010199708490072620F /* 9hearts.jpg */,
				6DDEF011199708490072620F /* 9spades.jpg */,
				6DDEF012199708490072620F /* Aclubs.jpg */,
				6DDEF013199708490072620F /* Adiamonds.jpg */,
				6DDEF014199708490072620F /* Ahearts.jpg */,
				6DDEF015199708490072620F /* Aspades.jpg */,
				6DDEF016199708490072620F /* Jclubs.jpg */,
				6DDEF017199708490072620F /* Jdiamonds.jpg */,
				6DDEF018199708490072620F /* Jhearts.jpg */,
				6DDEF019199708490072620F /* Jspades.jpg */,
				6DDEF01A199708490072620F /* Kclubs.jpg */,
				6DDEF01B199708490072620F /* Kdiamonds.jpg */,
				6DDEF01C199708490072620F /* Khearts.jpg */,
				6DDEF01D199708490072620F /* Kspades.jpg */,
				6DDEF01E199708490072620F /* Qclubs.jpg */,
				6DDEF01F199708490072620F /* Qdiamonds.jpg */,
				6DDEF020199708490072620F /* Qhearts.jpg */,
				6DDEF021199708490072620F /* Qspades.jpg */,
				6DDEF022199708490072620F /* Tclubs.jpg */,
				6DDEF023199708490072620F /* Tdiamonds.jpg */,
				6DDEF024199708490072620F /* Thearts.jpg */,
				6DDEF025199708490072620F /* Tspades.jpg */,
			);
			path = "playing cards";
			sourceTree = "<group>";
		};
/* End PBXGroup section */

/* Begin PBXNativeTarget section */
		6DDEEFCE199707530072620F /* HoldemHand */ = {
			isa = PBXNativeTarget;
			buildConfigurationList = 6DDEEFEB199707540072620F /* Build configuration list for PBXNativeTarget "HoldemHand" */;
			buildPhases = (
				6DDEEFCB199707530072620F /* Sources */,
				6DDEEFCC199707530072620F /* Frameworks */,
				6DDEEFCD199707530072620F /* Resources */,
			);
			buildRules = (
			);
			dependencies = (
			);
			name = HoldemHand;
			productName = HoldemHand;
			productReference = 6DDEEFCF199707530072620F /* HoldemHand.app */;
			productType = "com.apple.product-type.application";
		};
		6DDEEFE0199707530072620F /* HoldemHandTests */ = {
			isa = PBXNativeTarget;
			buildConfigurationList = 6DDEEFEE199707540072620F /* Build configuration list for PBXNativeTarget "HoldemHandTests" */;
			buildPhases = (
				6DDEEFDD199707530072620F /* Sources */,
				6DDEEFDE199707530072620F /* Frameworks */,
				6DDEEFDF199707530072620F /* Resources */,
			);
			buildRules = (
			);
			dependencies = (
				6DDEEFE3199707540072620F /* PBXTargetDependency */,
			);
			name = HoldemHandTests;
			productName = HoldemHandTests;
			productReference = 6DDEEFE1199707530072620F /* HoldemHandTests.xctest */;
			productType = "com.apple.product-type.bundle.unit-test";
		};
/* End PBXNativeTarget section */

/* Begin PBXProject section */
		6DDEEFC7199707530072620F /* Project object */ = {
			isa = PBXProject;
			attributes = {
				LastUpgradeCheck = 0600;
				ORGANIZATIONNAME = "Dan Hoang";
				TargetAttributes = {
					6DDEEFCE199707530072620F = {
						CreatedOnToolsVersion = 6.0;
						DevelopmentTeam = L897SQDS85;
						SystemCapabilities = {
							com.apple.GameCenter = {
								enabled = 1;
							};
						};
					};
					6DDEEFE0199707530072620F = {
						CreatedOnToolsVersion = 6.0;
						TestTargetID = 6DDEEFCE199707530072620F;
					};
				};
			};
			buildConfigurationList = 6DDEEFCA199707530072620F /* Build configuration list for PBXProject "HoldemHand" */;
			compatibilityVersion = "Xcode 3.2";
			developmentRegion = English;
			hasScannedForEncodings = 0;
			knownRegions = (
				en,
				Base,
			);
			mainGroup = 6DDEEFC6199707530072620F;
			productRefGroup = 6DDEEFD0199707530072620F /* Products */;
			projectDirPath = "";
			projectRoot = "";
			targets = (
				6DDEEFCE199707530072620F /* HoldemHand */,
				6DDEEFE0199707530072620F /* HoldemHandTests */,
			);
		};
/* End PBXProject section */

/* Begin PBXResourcesBuildPhase section */
		6DDEEFCD199707530072620F /* Resources */ = {
			isa = PBXResourcesBuildPhase;
			buildActionMask = 2147483647;
			files = (
				6DDEF048199708490072620F /* Ahearts.jpg in Resources */,
				6DDEF046199708490072620F /* Aclubs.jpg in Resources */,
				6DDEF036199708490072620F /* 6clubs.jpg in Resources */,
				6DDEF033199708490072620F /* 5diamonds.jpg in Resources */,
				6DDEF03B199708490072620F /* 7diamonds.jpg in Resources */,
				6DDEF047199708490072620F /* Adiamonds.jpg in Resources */,
				6DDEF03E199708490072620F /* 8clubs.jpg in Resources */,
				6DDEF043199708490072620F /* 9diamonds.jpg in Resources */,
				6DDEF034199708490072620F /* 5hearts.jpg in Resources */,
				6DDEF02E199708490072620F /* 4clubs.jpg in Resources */,
				6DDEF039199708490072620F /* 6spades.jpg in Resources */,
				6DDEF049199708490072620F /* Aspades.jpg in Resources */,
				6DDEF028199708490072620F /* 2hearts.jpg in Resources */,
				6DDEF042199708490072620F /* 9clubs.jpg in Resources */,
				6DDEF04F199708490072620F /* Kdiamonds.jpg in Resources */,
				6DDEF02A199708490072620F /* 3clubs.jpg in Resources */,
				6DDEEFDA199707530072620F /* Main.storyboard in Resources */,
				6DDEF044199708490072620F /* 9hearts.jpg in Resources */,
				6DDEF02D199708490072620F /* 3spades.jpg in Resources */,
				6DDEF040199708490072620F /* 8hearts.jpg in Resources */,
				6DDEF038199708490072620F /* 6hearts.jpg in Resources */,
				6DDEF02C199708490072620F /* 3hearts.jpg in Resources */,
				6DDEF04B199708490072620F /* Jdiamonds.jpg in Resources */,
				6DDEF055199708490072620F /* Qspades.jpg in Resources */,
				6DDEF03C199708490072620F /* 7hearts.jpg in Resources */,
				6DDEF029199708490072620F /* 2spades.jpg in Resources */,
				6DDEF054199708490072620F /* Qhearts.jpg in Resources */,
				6DDEF045199708490072620F /* 9spades.jpg in Resources */,
				6DDEF04C199708490072620F /* Jhearts.jpg in Resources */,
				6DDEF035199708490072620F /* 5spades.jpg in Resources */,
				6DDEF059199708490072620F /* Tspades.jpg in Resources */,
				6DDEF053199708490072620F /* Qdiamonds.jpg in Resources */,
				6DDEF057199708490072620F /* Tdiamonds.jpg in Resources */,
				6DDEF04E199708490072620F /* Kclubs.jpg in Resources */,
				6DDEF02F199708490072620F /* 4diamonds.jpg in Resources */,
				6DDEF027199708490072620F /* 2diamonds.jpg in Resources */,
				6DDEF030199708490072620F /* 4hearts.jpg in Resources */,
				6DDEF03F199708490072620F /* 8diamonds.jpg in Resources */,
				6DDEF051199708490072620F /* Kspades.jpg in Resources */,
				6DDEEFDC199707530072620F /* Images.xcassets in Resources */,
				6DDEF03D199708490072620F /* 7spades.jpg in Resources */,
				6DDEF03A199708490072620F /* 7clubs.jpg in Resources */,
				6DDEF04D199708490072620F /* Jspades.jpg in Resources */,
				6DDEF02B199708490072620F /* 3diamonds.jpg in Resources */,
				6DDEF056199708490072620F /* Tclubs.jpg in Resources */,
				6DDEF031199708490072620F /* 4spades.jpg in Resources */,
				6DDEF041199708490072620F /* 8spades.jpg in Resources */,
				6DDEF037199708490072620F /* 6diamonds.jpg in Resources */,
				6DDEF058199708490072620F /* Thearts.jpg in Resources */,
				6DDEF0631997108E0072620F /* BlankSpace.jpg in Resources */,
				6DDEF052199708490072620F /* Qclubs.jpg in Resources */,
				6DDEF032199708490072620F /* 5clubs.jpg in Resources */,
				6DDEF050199708490072620F /* Khearts.jpg in Resources */,
				6DDEF05F19970BE10072620F /* Barbie.jpg in Resources */,
				6DDEF026199708490072620F /* 2clubs.jpg in Resources */,
				6DDEF04A199708490072620F /* Jclubs.jpg in Resources */,
			);
			runOnlyForDeploymentPostprocessing = 0;
		};
		6DDEEFDF199707530072620F /* Resources */ = {
			isa = PBXResourcesBuildPhase;
			buildActionMask = 2147483647;
			files = (
			);
			runOnlyForDeploymentPostprocessing = 0;
		};
/* End PBXResourcesBuildPhase section */

/* Begin PBXSourcesBuildPhase section */
		6DDEEFCB199707530072620F /* Sources */ = {
			isa = PBXSourcesBuildPhase;
			buildActionMask = 2147483647;
			files = (
				6DDEEFD7199707530072620F /* ViewController.swift in Sources */,
				6DEDDE30199964420091D2D9 /* HandComparer.swift in Sources */,
				6D45AFC419A15E6900A3145B /* CardExtraCell.swift in Sources */,
				6DDEF06119970DAB0072620F /* CardImage.swift in Sources */,
				6DDEF05D199709E30072620F /* HoldemViewController.swift in Sources */,
				6DDEEFD5199707530072620F /* AppDelegate.swift in Sources */,
				6DEDDE38199AF88E0091D2D9 /* HoldemRound.swift in Sources */,
				6DEDDE32199A884D0091D2D9 /* GameController.swift in Sources */,
				6DDEF0651997FA140072620F /* Player.swift in Sources */,
				6DDEF05B199708820072620F /* CardGame.swift in Sources */,
				6DEDDE36199ADCFE0091D2D9 /* GameKitHelper.m in Sources */,
				6DEDDE2E19991EDD0091D2D9 /* HandSorter.swift in Sources */,
				6D45AFC219A15DDE00A3145B /* CardCell.swift in Sources */,
				6DAC068A19B3D7500091A82C /* PlayerView.swift in Sources */,
			);
			runOnlyForDeploymentPostprocessing = 0;
		};
		6DDEEFDD199707530072620F /* Sources */ = {
			isa = PBXSourcesBuildPhase;
			buildActionMask = 2147483647;
			files = (
				6DDEEFE8199707540072620F /* HoldemHandTests.swift in Sources */,
			);
			runOnlyForDeploymentPostprocessing = 0;
		};
/* End PBXSourcesBuildPhase section */

/* Begin PBXTargetDependency section */
		6DDEEFE3199707540072620F /* PBXTargetDependency */ = {
			isa = PBXTargetDependency;
			target = 6DDEEFCE199707530072620F /* HoldemHand */;
			targetProxy = 6DDEEFE2199707540072620F /* PBXContainerItemProxy */;
		};
/* End PBXTargetDependency section */

/* Begin PBXVariantGroup section */
		6DDEEFD8199707530072620F /* Main.storyboard */ = {
			isa = PBXVariantGroup;
			children = (
				6DDEEFD9199707530072620F /* Base */,
			);
			name = Main.storyboard;
			sourceTree = "<group>";
		};
/* End PBXVariantGroup section */

/* Begin XCBuildConfiguration section */
		6DDEEFE9199707540072620F /* Debug */ = {
			isa = XCBuildConfiguration;
			buildSettings = {
				ALWAYS_SEARCH_USER_PATHS = NO;
				CLANG_CXX_LANGUAGE_STANDARD = "gnu++0x";
				CLANG_CXX_LIBRARY = "libc++";
				CLANG_ENABLE_MODULES = YES;
				CLANG_ENABLE_OBJC_ARC = YES;
				CLANG_WARN_BOOL_CONVERSION = YES;
				CLANG_WARN_CONSTANT_CONVERSION = YES;
				CLANG_WARN_DIRECT_OBJC_ISA_USAGE = YES_ERROR;
				CLANG_WARN_EMPTY_BODY = YES;
				CLANG_WARN_ENUM_CONVERSION = YES;
				CLANG_WARN_INT_CONVERSION = YES;
				CLANG_WARN_OBJC_ROOT_CLASS = YES_ERROR;
				CLANG_WARN_UNREACHABLE_CODE = YES;
				CLANG_WARN__DUPLICATE_METHOD_MATCH = YES;
				"CODE_SIGN_IDENTITY[sdk=iphoneos*]" = "iPhone Developer";
				COPY_PHASE_STRIP = NO;
				ENABLE_STRICT_OBJC_MSGSEND = YES;
				GCC_C_LANGUAGE_STANDARD = gnu99;
				GCC_DYNAMIC_NO_PIC = NO;
				GCC_OPTIMIZATION_LEVEL = 0;
				GCC_PREPROCESSOR_DEFINITIONS = (
					"DEBUG=1",
					"$(inherited)",
				);
				GCC_SYMBOLS_PRIVATE_EXTERN = NO;
				GCC_WARN_64_TO_32_BIT_CONVERSION = YES;
				GCC_WARN_ABOUT_RETURN_TYPE = YES_ERROR;
				GCC_WARN_UNDECLARED_SELECTOR = YES;
				GCC_WARN_UNINITIALIZED_AUTOS = YES_AGGRESSIVE;
				GCC_WARN_UNUSED_FUNCTION = YES;
				GCC_WARN_UNUSED_VARIABLE = YES;
				IPHONEOS_DEPLOYMENT_TARGET = 8.0;
				MTL_ENABLE_DEBUG_INFO = YES;
				ONLY_ACTIVE_ARCH = YES;
				SDKROOT = iphoneos;
				SWIFT_OPTIMIZATION_LEVEL = "-Onone";
				TARGETED_DEVICE_FAMILY = "1,2";
			};
			name = Debug;
		};
		6DDEEFEA199707540072620F /* Release */ = {
			isa = XCBuildConfiguration;
			buildSettings = {
				ALWAYS_SEARCH_USER_PATHS = NO;
				CLANG_CXX_LANGUAGE_STANDARD = "gnu++0x";
				CLANG_CXX_LIBRARY = "libc++";
				CLANG_ENABLE_MODULES = YES;
				CLANG_ENABLE_OBJC_ARC = YES;
				CLANG_WARN_BOOL_CONVERSION = YES;
				CLANG_WARN_CONSTANT_CONVERSION = YES;
				CLANG_WARN_DIRECT_OBJC_ISA_USAGE = YES_ERROR;
				CLANG_WARN_EMPTY_BODY = YES;
				CLANG_WARN_ENUM_CONVERSION = YES;
				CLANG_WARN_INT_CONVERSION = YES;
				CLANG_WARN_OBJC_ROOT_CLASS = YES_ERROR;
				CLANG_WARN_UNREACHABLE_CODE = YES;
				CLANG_WARN__DUPLICATE_METHOD_MATCH = YES;
				"CODE_SIGN_IDENTITY[sdk=iphoneos*]" = "iPhone Developer";
				COPY_PHASE_STRIP = YES;
				ENABLE_NS_ASSERTIONS = NO;
				ENABLE_STRICT_OBJC_MSGSEND = YES;
				GCC_C_LANGUAGE_STANDARD = gnu99;
				GCC_WARN_64_TO_32_BIT_CONVERSION = YES;
				GCC_WARN_ABOUT_RETURN_TYPE = YES_ERROR;
				GCC_WARN_UNDECLARED_SELECTOR = YES;
				GCC_WARN_UNINITIALIZED_AUTOS = YES_AGGRESSIVE;
				GCC_WARN_UNUSED_FUNCTION = YES;
				GCC_WARN_UNUSED_VARIABLE = YES;
				IPHONEOS_DEPLOYMENT_TARGET = 8.0;
				MTL_ENABLE_DEBUG_INFO = NO;
				SDKROOT = iphoneos;
				TARGETED_DEVICE_FAMILY = "1,2";
				VALIDATE_PRODUCT = YES;
			};
			name = Release;
		};
		6DDEEFEC199707540072620F /* Debug */ = {
			isa = XCBuildConfiguration;
			buildSettings = {
				ASSETCATALOG_COMPILER_APPICON_NAME = AppIcon;
				ASSETCATALOG_COMPILER_LAUNCHIMAGE_NAME = LaunchImage;
				CLANG_ENABLE_MODULES = YES;
				CODE_SIGN_IDENTITY = "iPhone Developer";
				"CODE_SIGN_IDENTITY[sdk=iphoneos*]" = "iPhone Developer";
				INFOPLIST_FILE = HoldemHand/Info.plist;
				IPHONEOS_DEPLOYMENT_TARGET = 8.0;
				LD_RUNPATH_SEARCH_PATHS = "$(inherited) @executable_path/Frameworks";
				PRODUCT_NAME = "$(TARGET_NAME)";
				PROVISIONING_PROFILE = "";
				SWIFT_OBJC_BRIDGING_HEADER = "HoldemHand/HoldemHand-Bridging-Header.h";
				SWIFT_OPTIMIZATION_LEVEL = "-Onone";
			};
			name = Debug;
		};
		6DDEEFED199707540072620F /* Release */ = {
			isa = XCBuildConfiguration;
			buildSettings = {
				ASSETCATALOG_COMPILER_APPICON_NAME = AppIcon;
				ASSETCATALOG_COMPILER_LAUNCHIMAGE_NAME = LaunchImage;
				CLANG_ENABLE_MODULES = YES;
				CODE_SIGN_IDENTITY = "iPhone Developer";
				"CODE_SIGN_IDENTITY[sdk=iphoneos*]" = "iPhone Developer";
				INFOPLIST_FILE = HoldemHand/Info.plist;
				IPHONEOS_DEPLOYMENT_TARGET = 8.0;
				LD_RUNPATH_SEARCH_PATHS = "$(inherited) @executable_path/Frameworks";
				PRODUCT_NAME = "$(TARGET_NAME)";
				PROVISIONING_PROFILE = "";
				SWIFT_OBJC_BRIDGING_HEADER = "HoldemHand/HoldemHand-Bridging-Header.h";
			};
			name = Release;
		};
		6DDEEFEF199707540072620F /* Debug */ = {
			isa = XCBuildConfiguration;
			buildSettings = {
				BUNDLE_LOADER = "$(TEST_HOST)";
				FRAMEWORK_SEARCH_PATHS = (
					"$(SDKROOT)/Developer/Library/Frameworks",
					"$(inherited)",
				);
				GCC_PREPROCESSOR_DEFINITIONS = (
					"DEBUG=1",
					"$(inherited)",
				);
				INFOPLIST_FILE = HoldemHandTests/Info.plist;
				LD_RUNPATH_SEARCH_PATHS = "$(inherited) @executable_path/Frameworks @loader_path/Frameworks";
				PRODUCT_NAME = "$(TARGET_NAME)";
				TEST_HOST = "$(BUILT_PRODUCTS_DIR)/HoldemHand.app/HoldemHand";
			};
			name = Debug;
		};
		6DDEEFF0199707540072620F /* Release */ = {
			isa = XCBuildConfiguration;
			buildSettings = {
				BUNDLE_LOADER = "$(TEST_HOST)";
				FRAMEWORK_SEARCH_PATHS = (
					"$(SDKROOT)/Developer/Library/Frameworks",
					"$(inherited)",
				);
				INFOPLIST_FILE = HoldemHandTests/Info.plist;
				LD_RUNPATH_SEARCH_PATHS = "$(inherited) @executable_path/Frameworks @loader_path/Frameworks";
				PRODUCT_NAME = "$(TARGET_NAME)";
				TEST_HOST = "$(BUILT_PRODUCTS_DIR)/HoldemHand.app/HoldemHand";
			};
			name = Release;
		};
/* End XCBuildConfiguration section */

/* Begin XCConfigurationList section */
		6DDEEFCA199707530072620F /* Build configuration list for PBXProject "HoldemHand" */ = {
			isa = XCConfigurationList;
			buildConfigurations = (
				6DDEEFE9199707540072620F /* Debug */,
				6DDEEFEA199707540072620F /* Release */,
			);
			defaultConfigurationIsVisible = 0;
			defaultConfigurationName = Release;
		};
		6DDEEFEB199707540072620F /* Build configuration list for PBXNativeTarget "HoldemHand" */ = {
			isa = XCConfigurationList;
			buildConfigurations = (
				6DDEEFEC199707540072620F /* Debug */,
				6DDEEFED199707540072620F /* Release */,
			);
			defaultConfigurationIsVisible = 0;
			defaultConfigurationName = Release;
		};
		6DDEEFEE199707540072620F /* Build configuration list for PBXNativeTarget "HoldemHandTests" */ = {
			isa = XCConfigurationList;
			buildConfigurations = (
				6DDEEFEF199707540072620F /* Debug */,
				6DDEEFF0199707540072620F /* Release */,
			);
			defaultConfigurationIsVisible = 0;
			defaultConfigurationName = Release;
		};
/* End XCConfigurationList section */
	};
	rootObject = 6DDEEFC7199707530072620F /* Project object */;
}
